{
  "originHash" : "504a68837e5809de78d40418c5bd097114a0ae5cb53b5a40cc3d33ff07b0da6d",
  "pins" : [
    {
      "identity" : "plaid-link-ios",
      "kind" : "remoteSourceControl",
      "location" : "https://github.com/plaid/plaid-link-ios",
      "state" : {
        "revision" : "e3bd53d7c43078f862b8ab1c0c15facf423b70a6",
        "version" : "7.0.4"
      }
    }
  ],
  "version" : 3
}
