// !$*UTF8*$!
{
	archiveVersion = 1;
	classes = {
	};
	objectVersion = 60;
	objects = {

/* Begin PBXBuildFile section */
		300000000000000000000001 /* TimeBite/App/TimeBiteApp.swift in Sources */ = {isa = PBXBuildFile; fileRef = 200000000000000000000001 /* TimeBite/App/TimeBiteApp.swift */; };
		300000000000000000000002 /* TimeBite/App/RootTabView.swift in Sources */ = {isa = PBXBuildFile; fileRef = 200000000000000000000002 /* TimeBite/App/RootTabView.swift */; };
		300000000000000000000003 /* TimeBite/Features/Action/ActionView.swift in Sources */ = {isa = PBXBuildFile; fileRef = 200000000000000000000003 /* TimeBite/Features/Action/ActionView.swift */; };
		300000000000000000000004 /* TimeBite/Features/Track/TrackView.swift in Sources */ = {isa = PBXBuildFile; fileRef = 200000000000000000000004 /* TimeBite/Features/Track/TrackView.swift */; };
		300000000000000000000005 /* TimeBite/Features/Goals/GoalsView.swift in Sources */ = {isa = PBXBuildFile; fileRef = 200000000000000000000005 /* TimeBite/Features/Goals/GoalsView.swift */; };
		300000000000000000000006 /* TimeBite/Features/Dash/DashView.swift in Sources */ = {isa = PBXBuildFile; fileRef = 200000000000000000000006 /* TimeBite/Features/Dash/DashView.swift */; };
		300000000000000000000007 /* TimeBite/Shared/Theme/TBColor.swift in Sources */ = {isa = PBXBuildFile; fileRef = 200000000000000000000007 /* TimeBite/Shared/Theme/TBColor.swift */; };
		300000000000000000000008 /* TimeBite/Shared/Theme/TBTypography.swift in Sources */ = {isa = PBXBuildFile; fileRef = 200000000000000000000008 /* TimeBite/Shared/Theme/TBTypography.swift */; };
		300000000000000000000009 /* TimeBite/Models/ActionItem.swift in Sources */ = {isa = PBXBuildFile; fileRef = 200000000000000000000009 /* TimeBite/Models/ActionItem.swift */; };
		30000000000000000000000A /* TimeBite/Models/HabitEntry.swift in Sources */ = {isa = PBXBuildFile; fileRef = 20000000000000000000000A /* TimeBite/Models/HabitEntry.swift */; };
		30000000000000000000000B /* TimeBite/Models/GoalItem.swift in Sources */ = {isa = PBXBuildFile; fileRef = 20000000000000000000000B /* TimeBite/Models/GoalItem.swift */; };
		30000000000000000000000C /* TimeBite/Models/DailyLog.swift in Sources */ = {isa = PBXBuildFile; fileRef = 20000000000000000000000C /* TimeBite/Models/DailyLog.swift */; };
		30000000000000000000000D /* TimeBite/Shared/Components/TBCard.swift in Sources */ = {isa = PBXBuildFile; fileRef = 20000000000000000000000D /* TimeBite/Shared/Components/TBCard.swift */; };
		30000000000000000000000E /* TimeBite/Models/Goal.swift in Sources */ = {isa = PBXBuildFile; fileRef = 20000000000000000000000F /* TimeBite/Models/Goal.swift */; };
		30000000000000000000000F /* TimeBite/Models/Milestone.swift in Sources */ = {isa = PBXBuildFile; fileRef = 200000000000000000000010 /* TimeBite/Models/Milestone.swift */; };
		300000000000000000000010 /* TimeBite/Models/GoalProgressEntry.swift in Sources */ = {isa = PBXBuildFile; fileRef = 200000000000000000000011 /* TimeBite/Models/GoalProgressEntry.swift */; };
		300000000000000000000011 /* TimeBite/Models/GoalStore.swift in Sources */ = {isa = PBXBuildFile; fileRef = 200000000000000000000012 /* TimeBite/Models/GoalStore.swift */; };
		300000000000000000000012 /* TimeBite/Models/GoalPreviewData.swift in Sources */ = {isa = PBXBuildFile; fileRef = 200000000000000000000013 /* TimeBite/Models/GoalPreviewData.swift */; };
		300000000000000000000013 /* TimeBite/Features/Goals/SetGoalModal.swift in Sources */ = {isa = PBXBuildFile; fileRef = 200000000000000000000014 /* TimeBite/Features/Goals/SetGoalModal.swift */; };
		300000000000000000000014 /* TimeBite/Features/Admin/AdminView.swift in Sources */ = {isa = PBXBuildFile; fileRef = 200000000000000000000015 /* TimeBite/Features/Admin/AdminView.swift */; };
		300000000000000000000015 /* TimeBite/Models/AgentSession.swift in Sources */ = {isa = PBXBuildFile; fileRef = 200000000000000000000016 /* TimeBite/Models/AgentSession.swift */; };
		300000000000000000000016 /* TimeBite/Models/AIWorkSummary.swift in Sources */ = {isa = PBXBuildFile; fileRef = 200000000000000000000017 /* TimeBite/Models/AIWorkSummary.swift */; };
		300000000000000000000017 /* TimeBite/Models/GoalImpact.swift in Sources */ = {isa = PBXBuildFile; fileRef = 200000000000000000000018 /* TimeBite/Models/GoalImpact.swift */; };
		300000000000000000000018 /* TimeBite/Models/DailyAIReflection.swift in Sources */ = {isa = PBXBuildFile; fileRef = 200000000000000000000019 /* TimeBite/Models/DailyAIReflection.swift */; };
		300000000000000000000019 /* TimeBite/Models/AIProductivityAnalytics.swift in Sources */ = {isa = PBXBuildFile; fileRef = 20000000000000000000001A /* TimeBite/Models/AIProductivityAnalytics.swift */; };
		30000000000000000000001A /* TimeBite/Models/AgentToolIntegrations.swift in Sources */ = {isa = PBXBuildFile; fileRef = 20000000000000000000001B /* TimeBite/Models/AgentToolIntegrations.swift */; };
		30000000000000000000001B /* TimeBite/Models/FinanceBill.swift in Sources */ = {isa = PBXBuildFile; fileRef = 20000000000000000000001C /* TimeBite/Models/FinanceBill.swift */; };
		30000000000000000000001C /* TimeBite/Features/Finance/FinanceDashboardView.swift in Sources */ = {isa = PBXBuildFile; fileRef = 20000000000000000000001D /* TimeBite/Features/Finance/FinanceDashboardView.swift */; };
		30000000000000000000001D /* TimeBite/Features/Finance/FinanceNotificationScheduler.swift in Sources */ = {isa = PBXBuildFile; fileRef = 20000000000000000000001E /* TimeBite/Features/Finance/FinanceNotificationScheduler.swift */; };
		30000000000000000000001E /* Views/QuarterlyGoalChartView.swift in Sources */ = {isa = PBXBuildFile; fileRef = 20000000000000000000001F /* Views/QuarterlyGoalChartView.swift */; };
		30000000000000000000001F /* ViewModels/QuarterlyGoalViewModel.swift in Sources */ = {isa = PBXBuildFile; fileRef = 200000000000000000000020 /* ViewModels/QuarterlyGoalViewModel.swift */; };
		300000000000000000000020 /* TimeBite/Features/Settings/SettingsView.swift in Sources */ = {isa = PBXBuildFile; fileRef = 200000000000000000000021 /* TimeBite/Features/Settings/SettingsView.swift */; };
		300000000000000000000021 /* Assets.xcassets in Resources */ = {isa = PBXBuildFile; fileRef = 200000000000000000000022 /* Assets.xcassets */; };
/* End PBXBuildFile section */

/* Begin PBXFileReference section */
		200000000000000000000001 /* TimeBite/App/TimeBiteApp.swift */ = {isa = PBXFileReference; lastKnownFileType = sourcecode.swift; path = TimeBite/App/TimeBiteApp.swift; sourceTree = SOURCE_ROOT; };
		200000000000000000000002 /* TimeBite/App/RootTabView.swift */ = {isa = PBXFileReference; lastKnownFileType = sourcecode.swift; path = TimeBite/App/RootTabView.swift; sourceTree = SOURCE_ROOT; };
		200000000000000000000003 /* TimeBite/Features/Action/ActionView.swift */ = {isa = PBXFileReference; lastKnownFileType = sourcecode.swift; path = TimeBite/Features/Action/ActionView.swift; sourceTree = SOURCE_ROOT; };
		200000000000000000000004 /* TimeBite/Features/Track/TrackView.swift */ = {isa = PBXFileReference; lastKnownFileType = sourcecode.swift; path = TimeBite/Features/Track/TrackView.swift; sourceTree = SOURCE_ROOT; };
		200000000000000000000005 /* TimeBite/Features/Goals/GoalsView.swift */ = {isa = PBXFileReference; lastKnownFileType = sourcecode.swift; path = TimeBite/Features/Goals/GoalsView.swift; sourceTree = SOURCE_ROOT; };
		200000000000000000000006 /* TimeBite/Features/Dash/DashView.swift */ = {isa = PBXFileReference; lastKnownFileType = sourcecode.swift; path = TimeBite/Features/Dash/DashView.swift; sourceTree = SOURCE_ROOT; };
		200000000000000000000007 /* TimeBite/Shared/Theme/TBColor.swift */ = {isa = PBXFileReference; lastKnownFileType = sourcecode.swift; path = TimeBite/Shared/Theme/TBColor.swift; sourceTree = SOURCE_ROOT; };
		200000000000000000000008 /* TimeBite/Shared/Theme/TBTypography.swift */ = {isa = PBXFileReference; lastKnownFileType = sourcecode.swift; path = TimeBite/Shared/Theme/TBTypography.swift; sourceTree = SOURCE_ROOT; };
		200000000000000000000009 /* TimeBite/Models/ActionItem.swift */ = {isa = PBXFileReference; lastKnownFileType = sourcecode.swift; path = TimeBite/Models/ActionItem.swift; sourceTree = SOURCE_ROOT; };
		20000000000000000000000A /* TimeBite/Models/HabitEntry.swift */ = {isa = PBXFileReference; lastKnownFileType = sourcecode.swift; path = TimeBite/Models/HabitEntry.swift; sourceTree = SOURCE_ROOT; };
		20000000000000000000000B /* TimeBite/Models/GoalItem.swift */ = {isa = PBXFileReference; lastKnownFileType = sourcecode.swift; path = TimeBite/Models/GoalItem.swift; sourceTree = SOURCE_ROOT; };
		20000000000000000000000C /* TimeBite/Models/DailyLog.swift */ = {isa = PBXFileReference; lastKnownFileType = sourcecode.swift; path = TimeBite/Models/DailyLog.swift; sourceTree = SOURCE_ROOT; };
		20000000000000000000000D /* TimeBite/Shared/Components/TBCard.swift */ = {isa = PBXFileReference; lastKnownFileType = sourcecode.swift; path = TimeBite/Shared/Components/TBCard.swift; sourceTree = SOURCE_ROOT; };
		20000000000000000000000E /* TimeBite.app */ = {isa = PBXFileReference; explicitFileType = wrapper.application; includeInIndex = 0; path = TimeBite.app; sourceTree = BUILT_PRODUCTS_DIR; };
		20000000000000000000000F /* TimeBite/Models/Goal.swift */ = {isa = PBXFileReference; lastKnownFileType = sourcecode.swift; path = TimeBite/Models/Goal.swift; sourceTree = SOURCE_ROOT; };
		200000000000000000000010 /* TimeBite/Models/Milestone.swift */ = {isa = PBXFileReference; lastKnownFileType = sourcecode.swift; path = TimeBite/Models/Milestone.swift; sourceTree = SOURCE_ROOT; };
		200000000000000000000011 /* TimeBite/Models/GoalProgressEntry.swift */ = {isa = PBXFileReference; lastKnownFileType = sourcecode.swift; path = TimeBite/Models/GoalProgressEntry.swift; sourceTree = SOURCE_ROOT; };
		200000000000000000000012 /* TimeBite/Models/GoalStore.swift */ = {isa = PBXFileReference; lastKnownFileType = sourcecode.swift; path = TimeBite/Models/GoalStore.swift; sourceTree = SOURCE_ROOT; };
		200000000000000000000013 /* TimeBite/Models/GoalPreviewData.swift */ = {isa = PBXFileReference; lastKnownFileType = sourcecode.swift; path = TimeBite/Models/GoalPreviewData.swift; sourceTree = SOURCE_ROOT; };
		200000000000000000000014 /* TimeBite/Features/Goals/SetGoalModal.swift */ = {isa = PBXFileReference; lastKnownFileType = sourcecode.swift; path = TimeBite/Features/Goals/SetGoalModal.swift; sourceTree = SOURCE_ROOT; };
		200000000000000000000015 /* TimeBite/Features/Admin/AdminView.swift */ = {isa = PBXFileReference; lastKnownFileType = sourcecode.swift; path = TimeBite/Features/Admin/AdminView.swift; sourceTree = SOURCE_ROOT; };
		200000000000000000000016 /* TimeBite/Models/AgentSession.swift */ = {isa = PBXFileReference; lastKnownFileType = sourcecode.swift; path = TimeBite/Models/AgentSession.swift; sourceTree = SOURCE_ROOT; };
		200000000000000000000017 /* TimeBite/Models/AIWorkSummary.swift */ = {isa = PBXFileReference; lastKnownFileType = sourcecode.swift; path = TimeBite/Models/AIWorkSummary.swift; sourceTree = SOURCE_ROOT; };
		200000000000000000000018 /* TimeBite/Models/GoalImpact.swift */ = {isa = PBXFileReference; lastKnownFileType = sourcecode.swift; path = TimeBite/Models/GoalImpact.swift; sourceTree = SOURCE_ROOT; };
		200000000000000000000019 /* TimeBite/Models/DailyAIReflection.swift */ = {isa = PBXFileReference; lastKnownFileType = sourcecode.swift; path = TimeBite/Models/DailyAIReflection.swift; sourceTree = SOURCE_ROOT; };
		20000000000000000000001A /* TimeBite/Models/AIProductivityAnalytics.swift */ = {isa = PBXFileReference; lastKnownFileType = sourcecode.swift; path = TimeBite/Models/AIProductivityAnalytics.swift; sourceTree = SOURCE_ROOT; };
		20000000000000000000001B /* TimeBite/Models/AgentToolIntegrations.swift */ = {isa = PBXFileReference; lastKnownFileType = sourcecode.swift; path = TimeBite/Models/AgentToolIntegrations.swift; sourceTree = SOURCE_ROOT; };
		20000000000000000000001C /* TimeBite/Models/FinanceBill.swift */ = {isa = PBXFileReference; lastKnownFileType = sourcecode.swift; path = TimeBite/Models/FinanceBill.swift; sourceTree = SOURCE_ROOT; };
		20000000000000000000001D /* TimeBite/Features/Finance/FinanceDashboardView.swift */ = {isa = PBXFileReference; lastKnownFileType = sourcecode.swift; path = TimeBite/Features/Finance/FinanceDashboardView.swift; sourceTree = SOURCE_ROOT; };
		20000000000000000000001E /* TimeBite/Features/Finance/FinanceNotificationScheduler.swift */ = {isa = PBXFileReference; lastKnownFileType = sourcecode.swift; path = TimeBite/Features/Finance/FinanceNotificationScheduler.swift; sourceTree = SOURCE_ROOT; };
		20000000000000000000001F /* Views/QuarterlyGoalChartView.swift */ = {isa = PBXFileReference; lastKnownFileType = sourcecode.swift; path = Views/QuarterlyGoalChartView.swift; sourceTree = SOURCE_ROOT; };
		200000000000000000000020 /* ViewModels/QuarterlyGoalViewModel.swift */ = {isa = PBXFileReference; lastKnownFileType = sourcecode.swift; path = ViewModels/QuarterlyGoalViewModel.swift; sourceTree = SOURCE_ROOT; };
		200000000000000000000021 /* TimeBite/Features/Settings/SettingsView.swift */ = {isa = PBXFileReference; lastKnownFileType = sourcecode.swift; path = TimeBite/Features/Settings/SettingsView.swift; sourceTree = SOURCE_ROOT; };
		200000000000000000000022 /* Assets.xcassets */ = {isa = PBXFileReference; lastKnownFileType = folder.assetcatalog; path = Assets.xcassets; sourceTree = SOURCE_ROOT; };
/* End PBXFileReference section */

/* Begin PBXFrameworksBuildPhase section */
		10000000000000000000000E /* Frameworks */ = {
			isa = PBXFrameworksBuildPhase;
			buildActionMask = 2147483647;
			files = (
			);
			runOnlyForDeploymentPostprocessing = 0;
		};
/* End PBXFrameworksBuildPhase section */

/* Begin PBXGroup section */
		100000000000000000000001 = {
			isa = PBXGroup;
			children = (
				100000000000000000000002 /* App */,
				100000000000000000000003 /* Action */,
				100000000000000000000004 /* Track */,
				100000000000000000000005 /* Goals */,
				100000000000000000000019 /* Finance */,
				10000000000000000000001C /* Settings */,
				10000000000000000000001A /* Views */,
				10000000000000000000001B /* ViewModels */,
				100000000000000000000006 /* Dash */,
				100000000000000000000018 /* Admin */,
				100000000000000000000007 /* Shared */,
				100000000000000000000016 /* Models */,
				200000000000000000000022 /* Assets.xcassets */,
				100000000000000000000017 /* Products */,
			);
			sourceTree = "<group>";
		};
		100000000000000000000002 /* App */ = {
			isa = PBXGroup;
			children = (
				200000000000000000000001 /* TimeBite/App/TimeBiteApp.swift */,
				200000000000000000000002 /* TimeBite/App/RootTabView.swift */,
			);
			name = App;
			sourceTree = "<group>";
		};
		100000000000000000000003 /* Action */ = {
			isa = PBXGroup;
			children = (
				200000000000000000000003 /* TimeBite/Features/Action/ActionView.swift */,
			);
			name = Action;
			sourceTree = "<group>";
		};
		100000000000000000000004 /* Track */ = {
			isa = PBXGroup;
			children = (
				200000000000000000000004 /* TimeBite/Features/Track/TrackView.swift */,
			);
			name = Track;
			sourceTree = "<group>";
		};
		100000000000000000000005 /* Goals */ = {
			isa = PBXGroup;
			children = (
				200000000000000000000005 /* TimeBite/Features/Goals/GoalsView.swift */,
				200000000000000000000014 /* TimeBite/Features/Goals/SetGoalModal.swift */,
			);
			name = Goals;
			sourceTree = "<group>";
		};
		100000000000000000000006 /* Dash */ = {
			isa = PBXGroup;
			children = (
				200000000000000000000006 /* TimeBite/Features/Dash/DashView.swift */,
			);
			name = Dash;
			sourceTree = "<group>";
		};
		100000000000000000000007 /* Shared */ = {
			isa = PBXGroup;
			children = (
				100000000000000000000008 /* Theme */,
				100000000000000000000009 /* Components */,
			);
			name = Shared;
			sourceTree = "<group>";
		};
		100000000000000000000008 /* Theme */ = {
			isa = PBXGroup;
			children = (
				200000000000000000000007 /* TimeBite/Shared/Theme/TBColor.swift */,
				200000000000000000000008 /* TimeBite/Shared/Theme/TBTypography.swift */,
			);
			name = Theme;
			sourceTree = "<group>";
		};
		100000000000000000000009 /* Components */ = {
			isa = PBXGroup;
			children = (
				20000000000000000000000D /* TimeBite/Shared/Components/TBCard.swift */,
			);
			name = Components;
			sourceTree = "<group>";
		};
		100000000000000000000016 /* Models */ = {
			isa = PBXGroup;
			children = (
				200000000000000000000009 /* TimeBite/Models/ActionItem.swift */,
				20000000000000000000000A /* TimeBite/Models/HabitEntry.swift */,
				20000000000000000000000B /* TimeBite/Models/GoalItem.swift */,
				20000000000000000000000C /* TimeBite/Models/DailyLog.swift */,
				20000000000000000000000F /* TimeBite/Models/Goal.swift */,
				200000000000000000000010 /* TimeBite/Models/Milestone.swift */,
				200000000000000000000011 /* TimeBite/Models/GoalProgressEntry.swift */,
				200000000000000000000012 /* TimeBite/Models/GoalStore.swift */,
				200000000000000000000013 /* TimeBite/Models/GoalPreviewData.swift */,
				200000000000000000000016 /* TimeBite/Models/AgentSession.swift */,
				200000000000000000000017 /* TimeBite/Models/AIWorkSummary.swift */,
				200000000000000000000018 /* TimeBite/Models/GoalImpact.swift */,
				200000000000000000000019 /* TimeBite/Models/DailyAIReflection.swift */,
				20000000000000000000001A /* TimeBite/Models/AIProductivityAnalytics.swift */,
				20000000000000000000001B /* TimeBite/Models/AgentToolIntegrations.swift */,
				20000000000000000000001C /* TimeBite/Models/FinanceBill.swift */,
			);
			name = Models;
			sourceTree = "<group>";
		};
		100000000000000000000017 /* Products */ = {
			isa = PBXGroup;
			children = (
				20000000000000000000000E /* TimeBite.app */,
			);
			name = Products;
			sourceTree = "<group>";
		};
		100000000000000000000018 /* Admin */ = {
			isa = PBXGroup;
			children = (
				200000000000000000000015 /* TimeBite/Features/Admin/AdminView.swift */,
			);
			name = Admin;
			sourceTree = "<group>";
		};
		100000000000000000000019 /* Finance */ = {
			isa = PBXGroup;
			children = (
				20000000000000000000001D /* TimeBite/Features/Finance/FinanceDashboardView.swift */,
				20000000000000000000001E /* TimeBite/Features/Finance/FinanceNotificationScheduler.swift */,
			);
			name = Finance;
			sourceTree = "<group>";
		};
		10000000000000000000001A /* Views */ = {
			isa = PBXGroup;
			children = (
				20000000000000000000001F /* Views/QuarterlyGoalChartView.swift */,
			);
			name = Views;
			sourceTree = "<group>";
		};
		10000000000000000000001B /* ViewModels */ = {
			isa = PBXGroup;
			children = (
				200000000000000000000020 /* ViewModels/QuarterlyGoalViewModel.swift */,
			);
			name = ViewModels;
			sourceTree = "<group>";
		};
		10000000000000000000001C /* Settings */ = {
			isa = PBXGroup;
			children = (
				200000000000000000000021 /* TimeBite/Features/Settings/SettingsView.swift */,
			);
			name = Settings;
			sourceTree = "<group>";
		};
/* End PBXGroup section */

/* Begin PBXNativeTarget section */
		10000000000000000000000C /* TimeBite */ = {
			isa = PBXNativeTarget;
			buildConfigurationList = 100000000000000000000010 /* Build configuration list for PBXNativeTarget "TimeBite" */;
			buildPhases = (
				10000000000000000000000D /* Sources */,
				10000000000000000000000E /* Frameworks */,
				10000000000000000000000F /* Resources */,
			);
			buildRules = (
			);
			dependencies = (
			);
			name = TimeBite;
			productName = TimeBite;
			productReference = 20000000000000000000000E /* TimeBite.app */;
			productType = "com.apple.product-type.application";
		};
/* End PBXNativeTarget section */

/* Begin PBXProject section */
		10000000000000000000000A /* Project object */ = {
			isa = PBXProject;
			attributes = {
				BuildIndependentTargetsInParallel = 1;
				LastSwiftUpdateCheck = 2610;
				LastUpgradeCheck = 2610;
				TargetAttributes = {
					10000000000000000000000C = {
						CreatedOnToolsVersion = 26.1;
					};
				};
			};
			buildConfigurationList = 100000000000000000000011 /* Build configuration list for PBXProject "TimeBite" */;
			compatibilityVersion = "Xcode 15.0";
			developmentRegion = en;
			hasScannedForEncodings = 0;
			knownRegions = (
				en,
				Base,
			);
			mainGroup = 100000000000000000000001;
			productRefGroup = 100000000000000000000017 /* Products */;
			projectDirPath = "";
			projectRoot = "";
			targets = (
				10000000000000000000000C /* TimeBite */,
			);
		};
/* End PBXProject section */

/* Begin PBXResourcesBuildPhase section */
		10000000000000000000000F /* Resources */ = {
			isa = PBXResourcesBuildPhase;
			buildActionMask = 2147483647;
			files = (
				300000000000000000000021 /* Assets.xcassets in Resources */,
			);
			runOnlyForDeploymentPostprocessing = 0;
		};
/* End PBXResourcesBuildPhase section */

/* Begin PBXSourcesBuildPhase section */
		10000000000000000000000D /* Sources */ = {
			isa = PBXSourcesBuildPhase;
			buildActionMask = 2147483647;
			files = (
				300000000000000000000001 /* TimeBite/App/TimeBiteApp.swift in Sources */,
				300000000000000000000002 /* TimeBite/App/RootTabView.swift in Sources */,
				300000000000000000000003 /* TimeBite/Features/Action/ActionView.swift in Sources */,
				300000000000000000000004 /* TimeBite/Features/Track/TrackView.swift in Sources */,
				300000000000000000000005 /* TimeBite/Features/Goals/GoalsView.swift in Sources */,
				300000000000000000000006 /* TimeBite/Features/Dash/DashView.swift in Sources */,
				300000000000000000000007 /* TimeBite/Shared/Theme/TBColor.swift in Sources */,
				300000000000000000000008 /* TimeBite/Shared/Theme/TBTypography.swift in Sources */,
				300000000000000000000009 /* TimeBite/Models/ActionItem.swift in Sources */,
				30000000000000000000000A /* TimeBite/Models/HabitEntry.swift in Sources */,
				30000000000000000000000B /* TimeBite/Models/GoalItem.swift in Sources */,
				30000000000000000000000C /* TimeBite/Models/DailyLog.swift in Sources */,
				30000000000000000000000D /* TimeBite/Shared/Components/TBCard.swift in Sources */,
				30000000000000000000000E /* TimeBite/Models/Goal.swift in Sources */,
				30000000000000000000000F /* TimeBite/Models/Milestone.swift in Sources */,
				300000000000000000000010 /* TimeBite/Models/GoalProgressEntry.swift in Sources */,
				300000000000000000000011 /* TimeBite/Models/GoalStore.swift in Sources */,
				300000000000000000000012 /* TimeBite/Models/GoalPreviewData.swift in Sources */,
				300000000000000000000013 /* TimeBite/Features/Goals/SetGoalModal.swift in Sources */,
				300000000000000000000014 /* TimeBite/Features/Admin/AdminView.swift in Sources */,
				300000000000000000000015 /* TimeBite/Models/AgentSession.swift in Sources */,
				300000000000000000000016 /* TimeBite/Models/AIWorkSummary.swift in Sources */,
				300000000000000000000017 /* TimeBite/Models/GoalImpact.swift in Sources */,
				300000000000000000000018 /* TimeBite/Models/DailyAIReflection.swift in Sources */,
				300000000000000000000019 /* TimeBite/Models/AIProductivityAnalytics.swift in Sources */,
				30000000000000000000001A /* TimeBite/Models/AgentToolIntegrations.swift in Sources */,
				30000000000000000000001B /* TimeBite/Models/FinanceBill.swift in Sources */,
				30000000000000000000001C /* TimeBite/Features/Finance/FinanceDashboardView.swift in Sources */,
				30000000000000000000001D /* TimeBite/Features/Finance/FinanceNotificationScheduler.swift in Sources */,
				30000000000000000000001E /* Views/QuarterlyGoalChartView.swift in Sources */,
				30000000000000000000001F /* ViewModels/QuarterlyGoalViewModel.swift in Sources */,
				300000000000000000000020 /* TimeBite/Features/Settings/SettingsView.swift in Sources */,
			);
			runOnlyForDeploymentPostprocessing = 0;
		};
/* End PBXSourcesBuildPhase section */

/* Begin XCBuildConfiguration section */
		100000000000000000000012 /* Debug */ = {
			isa = XCBuildConfiguration;
			buildSettings = {
				ALWAYS_SEARCH_USER_PATHS = NO;
				ASSETCATALOG_COMPILER_APPICON_NAME = AppIcon;
				CODE_SIGN_STYLE = Automatic;
				CURRENT_PROJECT_VERSION = 1;
				DEVELOPMENT_TEAM = DHFA4423Z8;
				ENABLE_USER_SCRIPT_SANDBOXING = YES;
				GENERATE_INFOPLIST_FILE = NO;
				INFOPLIST_FILE = TimeBite/Info.plist;
				IPHONEOS_DEPLOYMENT_TARGET = 18.0;
				MARKETING_VERSION = 1.0;
				PRODUCT_BUNDLE_IDENTIFIER = com.timebite.app;
				PRODUCT_NAME = "$(TARGET_NAME)";
				SDKROOT = iphoneos;
				SUPPORTED_PLATFORMS = "iphoneos iphonesimulator";
				SWIFT_VERSION = 5.0;
				TARGETED_DEVICE_FAMILY = 1;
			};
			name = Debug;
		};
		100000000000000000000013 /* Release */ = {
			isa = XCBuildConfiguration;
			buildSettings = {
				ALWAYS_SEARCH_USER_PATHS = NO;
				ASSETCATALOG_COMPILER_APPICON_NAME = AppIcon;
				CODE_SIGN_STYLE = Automatic;
				CURRENT_PROJECT_VERSION = 1;
				DEVELOPMENT_TEAM = DHFA4423Z8;
				ENABLE_USER_SCRIPT_SANDBOXING = YES;
				GENERATE_INFOPLIST_FILE = NO;
				INFOPLIST_FILE = TimeBite/Info.plist;
				IPHONEOS_DEPLOYMENT_TARGET = 18.0;
				MARKETING_VERSION = 1.0;
				PRODUCT_BUNDLE_IDENTIFIER = com.timebite.app;
				PRODUCT_NAME = "$(TARGET_NAME)";
				SDKROOT = iphoneos;
				SUPPORTED_PLATFORMS = "iphoneos iphonesimulator";
				SWIFT_VERSION = 5.0;
				TARGETED_DEVICE_FAMILY = 1;
			};
			name = Release;
		};
		100000000000000000000014 /* Debug */ = {
			isa = XCBuildConfiguration;
			buildSettings = {
				ALWAYS_SEARCH_USER_PATHS = NO;
				CLANG_ENABLE_MODULES = YES;
				CURRENT_PROJECT_VERSION = 1;
				DEVELOPMENT_TEAM = "";
				ENABLE_USER_SCRIPT_SANDBOXING = YES;
				GCC_C_LANGUAGE_STANDARD = gnu17;
				MARKETING_VERSION = 1.0;
				PRODUCT_BUNDLE_IDENTIFIER = com.timebite.app;
				PRODUCT_NAME = "$(TARGET_NAME)";
				SDKROOT = iphoneos;
				SUPPORTED_PLATFORMS = "iphoneos iphonesimulator";
				SWIFT_VERSION = 5.0;
				TARGETED_DEVICE_FAMILY = 1;
			};
			name = Debug;
		};
		100000000000000000000015 /* Release */ = {
			isa = XCBuildConfiguration;
			buildSettings = {
				ALWAYS_SEARCH_USER_PATHS = NO;
				CLANG_ENABLE_MODULES = YES;
				CURRENT_PROJECT_VERSION = 1;
				DEVELOPMENT_TEAM = "";
				ENABLE_USER_SCRIPT_SANDBOXING = YES;
				GCC_C_LANGUAGE_STANDARD = gnu17;
				MARKETING_VERSION = 1.0;
				PRODUCT_BUNDLE_IDENTIFIER = com.timebite.app;
				PRODUCT_NAME = "$(TARGET_NAME)";
				SDKROOT = iphoneos;
				SUPPORTED_PLATFORMS = "iphoneos iphonesimulator";
				SWIFT_VERSION = 5.0;
				TARGETED_DEVICE_FAMILY = 1;
			};
			name = Release;
		};
/* End XCBuildConfiguration section */

/* Begin XCConfigurationList section */
		100000000000000000000010 /* Build configuration list for PBXNativeTarget "TimeBite" */ = {
			isa = XCConfigurationList;
			buildConfigurations = (
				100000000000000000000012 /* Debug */,
				100000000000000000000013 /* Release */,
			);
			defaultConfigurationIsVisible = 0;
			defaultConfigurationName = Release;
		};
		100000000000000000000011 /* Build configuration list for PBXProject "TimeBite" */ = {
			isa = XCConfigurationList;
			buildConfigurations = (
				100000000000000000000014 /* Debug */,
				100000000000000000000015 /* Release */,
			);
			defaultConfigurationIsVisible = 0;
			defaultConfigurationName = Release;
		};
/* End XCConfigurationList section */
	};
	rootObject = 10000000000000000000000A /* Project object */;
}
