// !$*UTF8*$!
{
	archiveVersion = 1;
	classes = {
	};
	objectVersion = 60;
	objects = {

/* Begin PBXBuildFile section */
		300000000000000000000001 /* TimeBite/App/TimeBiteApp.swift in Sources */ = {isa = PBXBuildFile; fileRef = 200000000000000000000001 /* TimeBite/App/TimeBiteApp.swift */; };
		300000000000000000000002 /* TimeBite/App/RootTabView.swift in Sources */ = {isa = PBXBuildFile; fileRef = 200000000000000000000002 /* TimeBite/App/RootTabView.swift */; };
		300000000000000000000003 /* TimeBite/Features/Action/ActionView.swift in Sources */ = {isa = PBXBuildFile; fileRef = 200000000000000000000003 /* TimeBite/Features/Action/ActionView.swift */; };
		300000000000000000000004 /* TimeBite/Features/Track/TrackView.swift in Sources */ = {isa = PBXBuildFile; fileRef = 200000000000000000000004 /* TimeBite/Features/Track/TrackView.swift */; };
		300000000000000000000005 /* TimeBite/Features/Goals/GoalsView.swift in Sources */ = {isa = PBXBuildFile; fileRef = 200000000000000000000005 /* TimeBite/Features/Goals/GoalsView.swift */; };
		300000000000000000000006 /* TimeBite/Features/Dash/DashView.swift in Sources */ = {isa = PBXBuildFile; fileRef = 200000000000000000000006 /* TimeBite/Features/Dash/DashView.swift */; };
		300000000000000000000007 /* TimeBite/Shared/Theme/TBColor.swift in Sources */ = {isa = PBXBuildFile; fileRef = 200000000000000000000007 /* TimeBite/Shared/Theme/TBColor.swift */; };
		300000000000000000000008 /* TimeBite/Shared/Theme/TBTypography.swift in Sources */ = {isa = PBXBuildFile; fileRef = 200000000000000000000008 /* TimeBite/Shared/Theme/TBTypography.swift */; };
		300000000000000000000009 /* TimeBite/Models/ActionItem.swift in Sources */ = {isa = PBXBuildFile; fileRef = 200000000000000000000009 /* TimeBite/Models/ActionItem.swift */; };
		30000000000000000000000A /* TimeBite/Models/HabitEntry.swift in Sources */ = {isa = PBXBuildFile; fileRef = 20000000000000000000000A /* TimeBite/Models/HabitEntry.swift */; };
		30000000000000000000000B /* TimeBite/Models/GoalItem.swift in Sources */ = {isa = PBXBuildFile; fileRef = 20000000000000000000000B /* TimeBite/Models/GoalItem.swift */; };
		30000000000000000000000C /* TimeBite/Models/DailyLog.swift in Sources */ = {isa = PBXBuildFile; fileRef = 20000000000000000000000C /* TimeBite/Models/DailyLog.swift */; };
		30000000000000000000000D /* TimeBite/Shared/Components/TBCard.swift in Sources */ = {isa = PBXBuildFile; fileRef = 20000000000000000000000D /* TimeBite/Shared/Components/TBCard.swift */; };
		30000000000000000000000E /* TimeBite/Models/Goal.swift in Sources */ = {isa = PBXBuildFile; fileRef = 20000000000000000000000F /* TimeBite/Models/Goal.swift */; };
		30000000000000000000000F /* TimeBite/Models/Milestone.swift in Sources */ = {isa = PBXBuildFile; fileRef = 200000000000000000000010 /* TimeBite/Models/Milestone.swift */; };
		300000000000000000000010 /* TimeBite/Models/GoalProgressEntry.swift in Sources */ = {isa = PBXBuildFile; fileRef = 200000000000000000000011 /* TimeBite/Models/GoalProgressEntry.swift */; };
		300000000000000000000011 /* TimeBite/Models/GoalStore.swift in Sources */ = {isa = PBXBuildFile; fileRef = 200000000000000000000012 /* TimeBite/Models/GoalStore.swift */; };
		300000000000000000000012 /* TimeBite/Models/GoalPreviewData.swift in Sources */ = {isa = PBXBuildFile; fileRef = 200000000000000000000013 /* TimeBite/Models/GoalPreviewData.swift */; };
		300000000000000000000013 /* TimeBite/Features/Goals/SetGoalModal.swift in Sources */ = {isa = PBXBuildFile; fileRef = 200000000000000000000014 /* TimeBite/Features/Goals/SetGoalModal.swift */; };
		300000000000000000000014 /* TimeBite/Features/Admin/AdminView.swift in Sources */ = {isa = PBXBuildFile; fileRef = 200000000000000000000015 /* TimeBite/Features/Admin/AdminView.swift */; };
		300000000000000000000015 /* TimeBite/Models/AgentSession.swift in Sources */ = {isa = PBXBuildFile; fileRef = 200000000000000000000016 /* TimeBite/Models/AgentSession.swift */; };
		300000000000000000000016 /* TimeBite/Models/AIWorkSummary.swift in Sources */ = {isa = PBXBuildFile; fileRef = 200000000000000000000017 /* TimeBite/Models/AIWorkSummary.swift */; };
		300000000000000000000017 /* TimeBite/Models/GoalImpact.swift in Sources */ = {isa = PBXBuildFile; fileRef = 200000000000000000000018 /* TimeBite/Models/GoalImpact.swift */; };
		300000000000000000000018 /* TimeBite/Models/DailyAIReflection.swift in Sources */ = {isa = PBXBuildFile; fileRef = 200000000000000000000019 /* TimeBite/Models/DailyAIReflection.swift */; };
		300000000000000000000019 /* TimeBite/Models/AIProductivityAnalytics.swift in Sources */ = {isa = PBXBuildFile; fileRef = 20000000000000000000001A /* TimeBite/Models/AIProductivityAnalytics.swift */; };
		30000000000000000000001A /* TimeBite/Models/AgentToolIntegrations.swift in Sources */ = {isa = PBXBuildFile; fileRef = 20000000000000000000001B /* TimeBite/Models/AgentToolIntegrations.swift */; };
		30000000000000000000001B /* TimeBite/Models/FinanceBill.swift in Sources */ = {isa = PBXBuildFile; fileRef = 20000000000000000000001C /* TimeBite/Models/FinanceBill.swift */; };
		30000000000000000000001C /* TimeBite/Features/Finance/FinanceDashboardView.swift in Sources */ = {isa = PBXBuildFile; fileRef = 20000000000000000000001D /* TimeBite/Features/Finance/FinanceDashboardView.swift */; };
		30000000000000000000001D /* TimeBite/Features/Finance/FinanceNotificationScheduler.swift in Sources */ = {isa = PBXBuildFile; fileRef = 20000000000000000000001E /* TimeBite/Features/Finance/FinanceNotificationScheduler.swift */; };
		30000000000000000000001E /* Views/QuarterlyGoalChartView.swift in Sources */ = {isa = PBXBuildFile; fileRef = 20000000000000000000001F /* Views/QuarterlyGoalChartView.swift */; };
		30000000000000000000001F /* ViewModels/QuarterlyGoalViewModel.swift in Sources */ = {isa = PBXBuildFile; fileRef = 200000000000000000000020 /* ViewModels/QuarterlyGoalViewModel.swift */; };
		300000000000000000000020 /* TimeBite/Features/Settings/SettingsView.swift in Sources */ = {isa = PBXBuildFile; fileRef = 200000000000000000000021 /* TimeBite/Features/Settings/SettingsView.swift */; };
		300000000000000000000021 /* Assets.xcassets in Resources */ = {isa = PBXBuildFile; fileRef = 200000000000000000000022 /* Assets.xcassets */; };
		300000000000000000000022 /* TimeBite/Features/Goals/GoalFormStyling.swift in Sources */ = {isa = PBXBuildFile; fileRef = 200000000000000000000023 /* TimeBite/Features/Goals/GoalFormStyling.swift */; };
		300000000000000000000023 /* TimeBite/Features/Goals/GoalConsiderationsModal.swift in Sources */ = {isa = PBXBuildFile; fileRef = 200000000000000000000024 /* TimeBite/Features/Goals/GoalConsiderationsModal.swift */; };
		300000000000000000000024 /* TimeBite/Models/PlaidAccount.swift in Sources */ = {isa = PBXBuildFile; fileRef = 200000000000000000000025 /* TimeBite/Models/PlaidAccount.swift */; };
		300000000000000000000025 /* TimeBite/Models/PlaidTransaction.swift in Sources */ = {isa = PBXBuildFile; fileRef = 200000000000000000000026 /* TimeBite/Models/PlaidTransaction.swift */; };
		300000000000000000000026 /* TimeBite/Services/PlaidLinkService.swift in Sources */ = {isa = PBXBuildFile; fileRef = 200000000000000000000027 /* TimeBite/Services/PlaidLinkService.swift */; };
		300000000000000000000027 /* TimeBite/Services/SavingsRecommendationEngine.swift in Sources */ = {isa = PBXBuildFile; fileRef = 200000000000000000000028 /* TimeBite/Services/SavingsRecommendationEngine.swift */; };
		300000000000000000000028 /* TimeBite/Services/GoalAssistantService.swift in Sources */ = {isa = PBXBuildFile; fileRef = 200000000000000000000029 /* TimeBite/Services/GoalAssistantService.swift */; };
		300000000000000000000029 /* TimeBite/Features/Finance/SavingsSpendingDashboardView.swift in Sources */ = {isa = PBXBuildFile; fileRef = 20000000000000000000002A /* TimeBite/Features/Finance/SavingsSpendingDashboardView.swift */; };
		30000000000000000000002B /* Shared/Domain/ActivityProgressCalculator.swift in Sources */ = {isa = PBXBuildFile; fileRef = 20000000000000000000002B /* Shared/Domain/ActivityProgressCalculator.swift */; };
		30000000000000000000002C /* Shared/Domain/HabitCompletionCalculator.swift in Sources */ = {isa = PBXBuildFile; fileRef = 20000000000000000000002C /* Shared/Domain/HabitCompletionCalculator.swift */; };
		30000000000000000000002D /* Shared/Domain/SchedulingService.swift in Sources */ = {isa = PBXBuildFile; fileRef = 20000000000000000000002D /* Shared/Domain/SchedulingService.swift */; };
		30000000000000000000002E /* Shared/Domain/TrackingThresholds.swift in Sources */ = {isa = PBXBuildFile; fileRef = 20000000000000000000002E /* Shared/Domain/TrackingThresholds.swift */; };
		30000000000000000000002F /* Shared/Models/ActiveFocusSession.swift in Sources */ = {isa = PBXBuildFile; fileRef = 20000000000000000000002F /* Shared/Models/ActiveFocusSession.swift */; };
		300000000000000000000030 /* Shared/Models/ActivityRingProgress.swift in Sources */ = {isa = PBXBuildFile; fileRef = 200000000000000000000030 /* Shared/Models/ActivityRingProgress.swift */; };
		300000000000000000000031 /* Shared/Models/DailyActivitySummary.swift in Sources */ = {isa = PBXBuildFile; fileRef = 200000000000000000000031 /* Shared/Models/DailyActivitySummary.swift */; };
		300000000000000000000032 /* Shared/Models/DailyReflectionSummary.swift in Sources */ = {isa = PBXBuildFile; fileRef = 200000000000000000000032 /* Shared/Models/DailyReflectionSummary.swift */; };
		300000000000000000000033 /* Shared/Models/DashboardMetrics.swift in Sources */ = {isa = PBXBuildFile; fileRef = 200000000000000000000033 /* Shared/Models/DashboardMetrics.swift */; };
		300000000000000000000034 /* Shared/Models/FocusSession.swift in Sources */ = {isa = PBXBuildFile; fileRef = 200000000000000000000034 /* Shared/Models/FocusSession.swift */; };
		300000000000000000000035 /* Shared/Models/Habit.swift in Sources */ = {isa = PBXBuildFile; fileRef = 200000000000000000000035 /* Shared/Models/Habit.swift */; };
		300000000000000000000036 /* Shared/Models/HabitLog.swift in Sources */ = {isa = PBXBuildFile; fileRef = 200000000000000000000036 /* Shared/Models/HabitLog.swift */; };
		300000000000000000000037 /* Shared/Models/PlanningHierarchy.swift in Sources */ = {isa = PBXBuildFile; fileRef = 200000000000000000000037 /* Shared/Models/PlanningHierarchy.swift */; };
		300000000000000000000038 /* Shared/Models/ScheduledBlock.swift in Sources */ = {isa = PBXBuildFile; fileRef = 200000000000000000000038 /* Shared/Models/ScheduledBlock.swift */; };
		300000000000000000000039 /* Shared/Models/TrackingRecord.swift in Sources */ = {isa = PBXBuildFile; fileRef = 200000000000000000000039 /* Shared/Models/TrackingRecord.swift */; };
		30000000000000000000003A /* Shared/Models/TrackingSummary.swift in Sources */ = {isa = PBXBuildFile; fileRef = 20000000000000000000003A /* Shared/Models/TrackingSummary.swift */; };
		30000000000000000000003B /* Shared/Presentation/ActivityRingView.swift in Sources */ = {isa = PBXBuildFile; fileRef = 20000000000000000000003B /* Shared/Presentation/ActivityRingView.swift */; };
		30000000000000000000003C /* Shared/Presentation/IkigaiIconView.swift in Sources */ = {isa = PBXBuildFile; fileRef = 20000000000000000000003C /* Shared/Presentation/IkigaiIconView.swift */; };
		30000000000000000000003D /* Shared/Presentation/TimeBitePalette.swift in Sources */ = {isa = PBXBuildFile; fileRef = 20000000000000000000003D /* Shared/Presentation/TimeBitePalette.swift */; };
		30000000000000000000003E /* Shared/Presentation/TimeBiteTypography.swift in Sources */ = {isa = PBXBuildFile; fileRef = 20000000000000000000003E /* Shared/Presentation/TimeBiteTypography.swift */; };
		30000000000000000000003F /* Shared/Services/DashboardAggregationService.swift in Sources */ = {isa = PBXBuildFile; fileRef = 20000000000000000000003F /* Shared/Services/DashboardAggregationService.swift */; };
		300000000000000000000040 /* Shared/Services/TimelineService.swift in Sources */ = {isa = PBXBuildFile; fileRef = 200000000000000000000040 /* Shared/Services/TimelineService.swift */; };
		300000000000000000000041 /* Shared/Services/TrackingAggregationService.swift in Sources */ = {isa = PBXBuildFile; fileRef = 200000000000000000000041 /* Shared/Services/TrackingAggregationService.swift */; };
		300000000000000000000042 /* Shared/DemoData/ActivityRingsDemoFixtures.swift in Sources */ = {isa = PBXBuildFile; fileRef = 200000000000000000000042 /* Shared/DemoData/ActivityRingsDemoFixtures.swift */; };
		30000000000000000000002A /* LinkKit in Frameworks */ = {isa = PBXBuildFile; productRef = 500000000000000000000001 /* LinkKit */; };
/* End PBXBuildFile section */

/* Begin PBXFileReference section */
		200000000000000000000001 /* TimeBite/App/TimeBiteApp.swift */ = {isa = PBXFileReference; lastKnownFileType = sourcecode.swift; path = TimeBite/App/TimeBiteApp.swift; sourceTree = SOURCE_ROOT; };
		200000000000000000000002 /* TimeBite/App/RootTabView.swift */ = {isa = PBXFileReference; lastKnownFileType = sourcecode.swift; path = TimeBite/App/RootTabView.swift; sourceTree = SOURCE_ROOT; };
		200000000000000000000003 /* TimeBite/Features/Action/ActionView.swift */ = {isa = PBXFileReference; lastKnownFileType = sourcecode.swift; path = TimeBite/Features/Action/ActionView.swift; sourceTree = SOURCE_ROOT; };
		200000000000000000000004 /* TimeBite/Features/Track/TrackView.swift */ = {isa = PBXFileReference; lastKnownFileType = sourcecode.swift; path = TimeBite/Features/Track/TrackView.swift; sourceTree = SOURCE_ROOT; };
		200000000000000000000005 /* TimeBite/Features/Goals/GoalsView.swift */ = {isa = PBXFileReference; lastKnownFileType = sourcecode.swift; path = TimeBite/Features/Goals/GoalsView.swift; sourceTree = SOURCE_ROOT; };
		200000000000000000000006 /* TimeBite/Features/Dash/DashView.swift */ = {isa = PBXFileReference; lastKnownFileType = sourcecode.swift; path = TimeBite/Features/Dash/DashView.swift; sourceTree = SOURCE_ROOT; };
		200000000000000000000007 /* TimeBite/Shared/Theme/TBColor.swift */ = {isa = PBXFileReference; lastKnownFileType = sourcecode.swift; path = TimeBite/Shared/Theme/TBColor.swift; sourceTree = SOURCE_ROOT; };
		200000000000000000000008 /* TimeBite/Shared/Theme/TBTypography.swift */ = {isa = PBXFileReference; lastKnownFileType = sourcecode.swift; path = TimeBite/Shared/Theme/TBTypography.swift; sourceTree = SOURCE_ROOT; };
		200000000000000000000009 /* TimeBite/Models/ActionItem.swift */ = {isa = PBXFileReference; lastKnownFileType = sourcecode.swift; path = TimeBite/Models/ActionItem.swift; sourceTree = SOURCE_ROOT; };
		20000000000000000000000A /* TimeBite/Models/HabitEntry.swift */ = {isa = PBXFileReference; lastKnownFileType = sourcecode.swift; path = TimeBite/Models/HabitEntry.swift; sourceTree = SOURCE_ROOT; };
		20000000000000000000000B /* TimeBite/Models/GoalItem.swift */ = {isa = PBXFileReference; lastKnownFileType = sourcecode.swift; path = TimeBite/Models/GoalItem.swift; sourceTree = SOURCE_ROOT; };
		20000000000000000000000C /* TimeBite/Models/DailyLog.swift */ = {isa = PBXFileReference; lastKnownFileType = sourcecode.swift; path = TimeBite/Models/DailyLog.swift; sourceTree = SOURCE_ROOT; };
		20000000000000000000000D /* TimeBite/Shared/Components/TBCard.swift */ = {isa = PBXFileReference; lastKnownFileType = sourcecode.swift; path = TimeBite/Shared/Components/TBCard.swift; sourceTree = SOURCE_ROOT; };
		20000000000000000000000E /* TimeBite.app */ = {isa = PBXFileReference; explicitFileType = wrapper.application; includeInIndex = 0; path = TimeBite.app; sourceTree = BUILT_PRODUCTS_DIR; };
		20000000000000000000000F /* TimeBite/Models/Goal.swift */ = {isa = PBXFileReference; lastKnownFileType = sourcecode.swift; path = TimeBite/Models/Goal.swift; sourceTree = SOURCE_ROOT; };
		200000000000000000000010 /* TimeBite/Models/Milestone.swift */ = {isa = PBXFileReference; lastKnownFileType = sourcecode.swift; path = TimeBite/Models/Milestone.swift; sourceTree = SOURCE_ROOT; };
		200000000000000000000011 /* TimeBite/Models/GoalProgressEntry.swift */ = {isa = PBXFileReference; lastKnownFileType = sourcecode.swift; path = TimeBite/Models/GoalProgressEntry.swift; sourceTree = SOURCE_ROOT; };
		200000000000000000000012 /* TimeBite/Models/GoalStore.swift */ = {isa = PBXFileReference; lastKnownFileType = sourcecode.swift; path = TimeBite/Models/GoalStore.swift; sourceTree = SOURCE_ROOT; };
		200000000000000000000013 /* TimeBite/Models/GoalPreviewData.swift */ = {isa = PBXFileReference; lastKnownFileType = sourcecode.swift; path = TimeBite/Models/GoalPreviewData.swift; sourceTree = SOURCE_ROOT; };
		200000000000000000000014 /* TimeBite/Features/Goals/SetGoalModal.swift */ = {isa = PBXFileReference; lastKnownFileType = sourcecode.swift; path = TimeBite/Features/Goals/SetGoalModal.swift; sourceTree = SOURCE_ROOT; };
		200000000000000000000015 /* TimeBite/Features/Admin/AdminView.swift */ = {isa = PBXFileReference; lastKnownFileType = sourcecode.swift; path = TimeBite/Features/Admin/AdminView.swift; sourceTree = SOURCE_ROOT; };
		200000000000000000000016 /* TimeBite/Models/AgentSession.swift */ = {isa = PBXFileReference; lastKnownFileType = sourcecode.swift; path = TimeBite/Models/AgentSession.swift; sourceTree = SOURCE_ROOT; };
		200000000000000000000017 /* TimeBite/Models/AIWorkSummary.swift */ = {isa = PBXFileReference; lastKnownFileType = sourcecode.swift; path = TimeBite/Models/AIWorkSummary.swift; sourceTree = SOURCE_ROOT; };
		200000000000000000000018 /* TimeBite/Models/GoalImpact.swift */ = {isa = PBXFileReference; lastKnownFileType = sourcecode.swift; path = TimeBite/Models/GoalImpact.swift; sourceTree = SOURCE_ROOT; };
		200000000000000000000019 /* TimeBite/Models/DailyAIReflection.swift */ = {isa = PBXFileReference; lastKnownFileType = sourcecode.swift; path = TimeBite/Models/DailyAIReflection.swift; sourceTree = SOURCE_ROOT; };
		20000000000000000000001A /* TimeBite/Models/AIProductivityAnalytics.swift */ = {isa = PBXFileReference; lastKnownFileType = sourcecode.swift; path = TimeBite/Models/AIProductivityAnalytics.swift; sourceTree = SOURCE_ROOT; };
		20000000000000000000001B /* TimeBite/Models/AgentToolIntegrations.swift */ = {isa = PBXFileReference; lastKnownFileType = sourcecode.swift; path = TimeBite/Models/AgentToolIntegrations.swift; sourceTree = SOURCE_ROOT; };
		20000000000000000000001C /* TimeBite/Models/FinanceBill.swift */ = {isa = PBXFileReference; lastKnownFileType = sourcecode.swift; path = TimeBite/Models/FinanceBill.swift; sourceTree = SOURCE_ROOT; };
		20000000000000000000001D /* TimeBite/Features/Finance/FinanceDashboardView.swift */ = {isa = PBXFileReference; lastKnownFileType = sourcecode.swift; path = TimeBite/Features/Finance/FinanceDashboardView.swift; sourceTree = SOURCE_ROOT; };
		20000000000000000000001E /* TimeBite/Features/Finance/FinanceNotificationScheduler.swift */ = {isa = PBXFileReference; lastKnownFileType = sourcecode.swift; path = TimeBite/Features/Finance/FinanceNotificationScheduler.swift; sourceTree = SOURCE_ROOT; };
		20000000000000000000001F /* Views/QuarterlyGoalChartView.swift */ = {isa = PBXFileReference; lastKnownFileType = sourcecode.swift; path = Views/QuarterlyGoalChartView.swift; sourceTree = SOURCE_ROOT; };
		200000000000000000000020 /* ViewModels/QuarterlyGoalViewModel.swift */ = {isa = PBXFileReference; lastKnownFileType = sourcecode.swift; path = ViewModels/QuarterlyGoalViewModel.swift; sourceTree = SOURCE_ROOT; };
		200000000000000000000021 /* TimeBite/Features/Settings/SettingsView.swift */ = {isa = PBXFileReference; lastKnownFileType = sourcecode.swift; path = TimeBite/Features/Settings/SettingsView.swift; sourceTree = SOURCE_ROOT; };
		200000000000000000000022 /* Assets.xcassets */ = {isa = PBXFileReference; lastKnownFileType = folder.assetcatalog; path = Assets.xcassets; sourceTree = SOURCE_ROOT; };
		200000000000000000000023 /* TimeBite/Features/Goals/GoalFormStyling.swift */ = {isa = PBXFileReference; lastKnownFileType = sourcecode.swift; path = TimeBite/Features/Goals/GoalFormStyling.swift; sourceTree = SOURCE_ROOT; };
		200000000000000000000024 /* TimeBite/Features/Goals/GoalConsiderationsModal.swift */ = {isa = PBXFileReference; lastKnownFileType = sourcecode.swift; path = TimeBite/Features/Goals/GoalConsiderationsModal.swift; sourceTree = SOURCE_ROOT; };
		200000000000000000000025 /* TimeBite/Models/PlaidAccount.swift */ = {isa = PBXFileReference; lastKnownFileType = sourcecode.swift; path = TimeBite/Models/PlaidAccount.swift; sourceTree = SOURCE_ROOT; };
		200000000000000000000026 /* TimeBite/Models/PlaidTransaction.swift */ = {isa = PBXFileReference; lastKnownFileType = sourcecode.swift; path = TimeBite/Models/PlaidTransaction.swift; sourceTree = SOURCE_ROOT; };
		200000000000000000000027 /* TimeBite/Services/PlaidLinkService.swift */ = {isa = PBXFileReference; lastKnownFileType = sourcecode.swift; path = TimeBite/Services/PlaidLinkService.swift; sourceTree = SOURCE_ROOT; };
		200000000000000000000028 /* TimeBite/Services/SavingsRecommendationEngine.swift */ = {isa = PBXFileReference; lastKnownFileType = sourcecode.swift; path = TimeBite/Services/SavingsRecommendationEngine.swift; sourceTree = SOURCE_ROOT; };
		200000000000000000000029 /* TimeBite/Services/GoalAssistantService.swift */ = {isa = PBXFileReference; lastKnownFileType = sourcecode.swift; path = TimeBite/Services/GoalAssistantService.swift; sourceTree = SOURCE_ROOT; };
		20000000000000000000002A /* TimeBite/Features/Finance/SavingsSpendingDashboardView.swift */ = {isa = PBXFileReference; lastKnownFileType = sourcecode.swift; path = TimeBite/Features/Finance/SavingsSpendingDashboardView.swift; sourceTree = SOURCE_ROOT; };
		20000000000000000000002B /* Shared/Domain/ActivityProgressCalculator.swift */ = {isa = PBXFileReference; lastKnownFileType = sourcecode.swift; path = ../../Shared/Domain/ActivityProgressCalculator.swift; sourceTree = SOURCE_ROOT; };
		20000000000000000000002C /* Shared/Domain/HabitCompletionCalculator.swift */ = {isa = PBXFileReference; lastKnownFileType = sourcecode.swift; path = ../../Shared/Domain/HabitCompletionCalculator.swift; sourceTree = SOURCE_ROOT; };
		20000000000000000000002D /* Shared/Domain/SchedulingService.swift */ = {isa = PBXFileReference; lastKnownFileType = sourcecode.swift; path = ../../Shared/Domain/SchedulingService.swift; sourceTree = SOURCE_ROOT; };
		20000000000000000000002E /* Shared/Domain/TrackingThresholds.swift */ = {isa = PBXFileReference; lastKnownFileType = sourcecode.swift; path = ../../Shared/Domain/TrackingThresholds.swift; sourceTree = SOURCE_ROOT; };
		20000000000000000000002F /* Shared/Models/ActiveFocusSession.swift */ = {isa = PBXFileReference; lastKnownFileType = sourcecode.swift; path = ../../Shared/Models/ActiveFocusSession.swift; sourceTree = SOURCE_ROOT; };
		200000000000000000000030 /* Shared/Models/ActivityRingProgress.swift */ = {isa = PBXFileReference; lastKnownFileType = sourcecode.swift; path = ../../Shared/Models/ActivityRingProgress.swift; sourceTree = SOURCE_ROOT; };
		200000000000000000000031 /* Shared/Models/DailyActivitySummary.swift */ = {isa = PBXFileReference; lastKnownFileType = sourcecode.swift; path = ../../Shared/Models/DailyActivitySummary.swift; sourceTree = SOURCE_ROOT; };
		200000000000000000000032 /* Shared/Models/DailyReflectionSummary.swift */ = {isa = PBXFileReference; lastKnownFileType = sourcecode.swift; path = ../../Shared/Models/DailyReflectionSummary.swift; sourceTree = SOURCE_ROOT; };
		200000000000000000000033 /* Shared/Models/DashboardMetrics.swift */ = {isa = PBXFileReference; lastKnownFileType = sourcecode.swift; path = ../../Shared/Models/DashboardMetrics.swift; sourceTree = SOURCE_ROOT; };
		200000000000000000000034 /* Shared/Models/FocusSession.swift */ = {isa = PBXFileReference; lastKnownFileType = sourcecode.swift; path = ../../Shared/Models/FocusSession.swift; sourceTree = SOURCE_ROOT; };
		200000000000000000000035 /* Shared/Models/Habit.swift */ = {isa = PBXFileReference; lastKnownFileType = sourcecode.swift; path = ../../Shared/Models/Habit.swift; sourceTree = SOURCE_ROOT; };
		200000000000000000000036 /* Shared/Models/HabitLog.swift */ = {isa = PBXFileReference; lastKnownFileType = sourcecode.swift; path = ../../Shared/Models/HabitLog.swift; sourceTree = SOURCE_ROOT; };
		200000000000000000000037 /* Shared/Models/PlanningHierarchy.swift */ = {isa = PBXFileReference; lastKnownFileType = sourcecode.swift; path = ../../Shared/Models/PlanningHierarchy.swift; sourceTree = SOURCE_ROOT; };
		200000000000000000000038 /* Shared/Models/ScheduledBlock.swift */ = {isa = PBXFileReference; lastKnownFileType = sourcecode.swift; path = ../../Shared/Models/ScheduledBlock.swift; sourceTree = SOURCE_ROOT; };
		200000000000000000000039 /* Shared/Models/TrackingRecord.swift */ = {isa = PBXFileReference; lastKnownFileType = sourcecode.swift; path = ../../Shared/Models/TrackingRecord.swift; sourceTree = SOURCE_ROOT; };
		20000000000000000000003A /* Shared/Models/TrackingSummary.swift */ = {isa = PBXFileReference; lastKnownFileType = sourcecode.swift; path = ../../Shared/Models/TrackingSummary.swift; sourceTree = SOURCE_ROOT; };
		20000000000000000000003B /* Shared/Presentation/ActivityRingView.swift */ = {isa = PBXFileReference; lastKnownFileType = sourcecode.swift; path = ../../Shared/Presentation/ActivityRingView.swift; sourceTree = SOURCE_ROOT; };
		20000000000000000000003C /* Shared/Presentation/IkigaiIconView.swift */ = {isa = PBXFileReference; lastKnownFileType = sourcecode.swift; path = ../../Shared/Presentation/IkigaiIconView.swift; sourceTree = SOURCE_ROOT; };
		20000000000000000000003D /* Shared/Presentation/TimeBitePalette.swift */ = {isa = PBXFileReference; lastKnownFileType = sourcecode.swift; path = ../../Shared/Presentation/TimeBitePalette.swift; sourceTree = SOURCE_ROOT; };
		20000000000000000000003E /* Shared/Presentation/TimeBiteTypography.swift */ = {isa = PBXFileReference; lastKnownFileType = sourcecode.swift; path = ../../Shared/Presentation/TimeBiteTypography.swift; sourceTree = SOURCE_ROOT; };
		20000000000000000000003F /* Shared/Services/DashboardAggregationService.swift */ = {isa = PBXFileReference; lastKnownFileType = sourcecode.swift; path = ../../Shared/Services/DashboardAggregationService.swift; sourceTree = SOURCE_ROOT; };
		200000000000000000000040 /* Shared/Services/TimelineService.swift */ = {isa = PBXFileReference; lastKnownFileType = sourcecode.swift; path = ../../Shared/Services/TimelineService.swift; sourceTree = SOURCE_ROOT; };
		200000000000000000000041 /* Shared/Services/TrackingAggregationService.swift */ = {isa = PBXFileReference; lastKnownFileType = sourcecode.swift; path = ../../Shared/Services/TrackingAggregationService.swift; sourceTree = SOURCE_ROOT; };
		200000000000000000000042 /* Shared/DemoData/ActivityRingsDemoFixtures.swift */ = {isa = PBXFileReference; lastKnownFileType = sourcecode.swift; path = ../../Shared/DemoData/ActivityRingsDemoFixtures.swift; sourceTree = SOURCE_ROOT; };
/* End PBXFileReference section */

/* Begin PBXFrameworksBuildPhase section */
		10000000000000000000000E /* Frameworks */ = {
			isa = PBXFrameworksBuildPhase;
			buildActionMask = 2147483647;
			files = (
				30000000000000000000002A /* LinkKit in Frameworks */,
			);
			runOnlyForDeploymentPostprocessing = 0;
		};
/* End PBXFrameworksBuildPhase section */

/* Begin PBXGroup section */
		100000000000000000000001 = {
			isa = PBXGroup;
			children = (
				100000000000000000000002 /* App */,
				100000000000000000000003 /* Action */,
				100000000000000000000004 /* Track */,
				100000000000000000000005 /* Goals */,
				100000000000000000000019 /* Finance */,
				10000000000000000000001C /* Settings */,
				10000000000000000000001A /* Views */,
				10000000000000000000001B /* ViewModels */,
				100000000000000000000006 /* Dash */,
				100000000000000000000018 /* Admin */,
				100000000000000000000007 /* Shared */,
				10000000000000000000001D /* Services */,
				100000000000000000000016 /* Models */,
				200000000000000000000022 /* Assets.xcassets */,
				100000000000000000000017 /* Products */,
			);
			sourceTree = "<group>";
		};
		100000000000000000000002 /* App */ = {
			isa = PBXGroup;
			children = (
				200000000000000000000001 /* TimeBite/App/TimeBiteApp.swift */,
				200000000000000000000002 /* TimeBite/App/RootTabView.swift */,
			);
			name = App;
			sourceTree = "<group>";
		};
		100000000000000000000003 /* Action */ = {
			isa = PBXGroup;
			children = (
				200000000000000000000003 /* TimeBite/Features/Action/ActionView.swift */,
			);
			name = Action;
			sourceTree = "<group>";
		};
		100000000000000000000004 /* Track */ = {
			isa = PBXGroup;
			children = (
				200000000000000000000004 /* TimeBite/Features/Track/TrackView.swift */,
			);
			name = Track;
			sourceTree = "<group>";
		};
		100000000000000000000005 /* Goals */ = {
			isa = PBXGroup;
			children = (
				200000000000000000000005 /* TimeBite/Features/Goals/GoalsView.swift */,
				200000000000000000000014 /* TimeBite/Features/Goals/SetGoalModal.swift */,
				200000000000000000000023 /* TimeBite/Features/Goals/GoalFormStyling.swift */,
				200000000000000000000024 /* TimeBite/Features/Goals/GoalConsiderationsModal.swift */,
			);
			name = Goals;
			sourceTree = "<group>";
		};
		100000000000000000000006 /* Dash */ = {
			isa = PBXGroup;
			children = (
				200000000000000000000006 /* TimeBite/Features/Dash/DashView.swift */,
			);
			name = Dash;
			sourceTree = "<group>";
		};
		100000000000000000000007 /* Shared */ = {
			isa = PBXGroup;
			children = (
				10000000000000000000002A /* Domain */,
				10000000000000000000002B /* Models */,
				10000000000000000000002C /* Presentation */,
				10000000000000000000002D /* Services */,
				10000000000000000000002E /* DemoData */,
				100000000000000000000008 /* Theme */,
				100000000000000000000009 /* Components */,
			);
			name = Shared;
			sourceTree = "<group>";
		};
		10000000000000000000002A /* Domain */ = {
			isa = PBXGroup;
			children = (
				20000000000000000000002B /* Shared/Domain/ActivityProgressCalculator.swift */,
				20000000000000000000002C /* Shared/Domain/HabitCompletionCalculator.swift */,
				20000000000000000000002D /* Shared/Domain/SchedulingService.swift */,
				20000000000000000000002E /* Shared/Domain/TrackingThresholds.swift */,
			);
			name = Domain;
			sourceTree = "<group>";
		};
		10000000000000000000002B /* Models */ = {
			isa = PBXGroup;
			children = (
				20000000000000000000002F /* Shared/Models/ActiveFocusSession.swift */,
				200000000000000000000030 /* Shared/Models/ActivityRingProgress.swift */,
				200000000000000000000031 /* Shared/Models/DailyActivitySummary.swift */,
				200000000000000000000032 /* Shared/Models/DailyReflectionSummary.swift */,
				200000000000000000000033 /* Shared/Models/DashboardMetrics.swift */,
				200000000000000000000034 /* Shared/Models/FocusSession.swift */,
				200000000000000000000035 /* Shared/Models/Habit.swift */,
				200000000000000000000036 /* Shared/Models/HabitLog.swift */,
				200000000000000000000037 /* Shared/Models/PlanningHierarchy.swift */,
				200000000000000000000038 /* Shared/Models/ScheduledBlock.swift */,
				200000000000000000000039 /* Shared/Models/TrackingRecord.swift */,
				20000000000000000000003A /* Shared/Models/TrackingSummary.swift */,
			);
			name = Models;
			sourceTree = "<group>";
		};
		10000000000000000000002C /* Presentation */ = {
			isa = PBXGroup;
			children = (
				20000000000000000000003B /* Shared/Presentation/ActivityRingView.swift */,
				20000000000000000000003C /* Shared/Presentation/IkigaiIconView.swift */,
				20000000000000000000003D /* Shared/Presentation/TimeBitePalette.swift */,
				20000000000000000000003E /* Shared/Presentation/TimeBiteTypography.swift */,
			);
			name = Presentation;
			sourceTree = "<group>";
		};
		10000000000000000000002D /* Services */ = {
			isa = PBXGroup;
			children = (
				20000000000000000000003F /* Shared/Services/DashboardAggregationService.swift */,
				200000000000000000000040 /* Shared/Services/TimelineService.swift */,
				200000000000000000000041 /* Shared/Services/TrackingAggregationService.swift */,
			);
			name = Services;
			sourceTree = "<group>";
		};
		10000000000000000000002E /* DemoData */ = {
			isa = PBXGroup;
			children = (
				200000000000000000000042 /* Shared/DemoData/ActivityRingsDemoFixtures.swift */,
			);
			name = DemoData;
			sourceTree = "<group>";
		};
		100000000000000000000008 /* Theme */ = {
			isa = PBXGroup;
			children = (
				200000000000000000000007 /* TimeBite/Shared/Theme/TBColor.swift */,
				200000000000000000000008 /* TimeBite/Shared/Theme/TBTypography.swift */,
			);
			name = Theme;
			sourceTree = "<group>";
		};
		100000000000000000000009 /* Components */ = {
			isa = PBXGroup;
			children = (
				20000000000000000000000D /* TimeBite/Shared/Components/TBCard.swift */,
			);
			name = Components;
			sourceTree = "<group>";
		};
		100000000000000000000016 /* Models */ = {
			isa = PBXGroup;
			children = (
				200000000000000000000009 /* TimeBite/Models/ActionItem.swift */,
				20000000000000000000000A /* TimeBite/Models/HabitEntry.swift */,
				20000000000000000000000B /* TimeBite/Models/GoalItem.swift */,
				20000000000000000000000C /* TimeBite/Models/DailyLog.swift */,
				20000000000000000000000F /* TimeBite/Models/Goal.swift */,
				200000000000000000000010 /* TimeBite/Models/Milestone.swift */,
				200000000000000000000011 /* TimeBite/Models/GoalProgressEntry.swift */,
				200000000000000000000012 /* TimeBite/Models/GoalStore.swift */,
				200000000000000000000013 /* TimeBite/Models/GoalPreviewData.swift */,
				200000000000000000000016 /* TimeBite/Models/AgentSession.swift */,
				200000000000000000000017 /* TimeBite/Models/AIWorkSummary.swift */,
				200000000000000000000018 /* TimeBite/Models/GoalImpact.swift */,
				200000000000000000000019 /* TimeBite/Models/DailyAIReflection.swift */,
				20000000000000000000001A /* TimeBite/Models/AIProductivityAnalytics.swift */,
				20000000000000000000001B /* TimeBite/Models/AgentToolIntegrations.swift */,
				20000000000000000000001C /* TimeBite/Models/FinanceBill.swift */,
				200000000000000000000025 /* TimeBite/Models/PlaidAccount.swift */,
				200000000000000000000026 /* TimeBite/Models/PlaidTransaction.swift */,
			);
			name = Models;
			sourceTree = "<group>";
		};
		100000000000000000000017 /* Products */ = {
			isa = PBXGroup;
			children = (
				20000000000000000000000E /* TimeBite.app */,
			);
			name = Products;
			sourceTree = "<group>";
		};
		100000000000000000000018 /* Admin */ = {
			isa = PBXGroup;
			children = (
				200000000000000000000015 /* TimeBite/Features/Admin/AdminView.swift */,
			);
			name = Admin;
			sourceTree = "<group>";
		};
		100000000000000000000019 /* Finance */ = {
			isa = PBXGroup;
			children = (
				20000000000000000000001D /* TimeBite/Features/Finance/FinanceDashboardView.swift */,
				20000000000000000000001E /* TimeBite/Features/Finance/FinanceNotificationScheduler.swift */,
				20000000000000000000002A /* TimeBite/Features/Finance/SavingsSpendingDashboardView.swift */,
			);
			name = Finance;
			sourceTree = "<group>";
		};
		10000000000000000000001A /* Views */ = {
			isa = PBXGroup;
			children = (
				20000000000000000000001F /* Views/QuarterlyGoalChartView.swift */,
			);
			name = Views;
			sourceTree = "<group>";
		};
		10000000000000000000001B /* ViewModels */ = {
			isa = PBXGroup;
			children = (
				200000000000000000000020 /* ViewModels/QuarterlyGoalViewModel.swift */,
			);
			name = ViewModels;
			sourceTree = "<group>";
		};
		10000000000000000000001C /* Settings */ = {
			isa = PBXGroup;
			children = (
				200000000000000000000021 /* TimeBite/Features/Settings/SettingsView.swift */,
			);
			name = Settings;
			sourceTree = "<group>";
		};
		10000000000000000000001D /* Services */ = {
			isa = PBXGroup;
			children = (
				200000000000000000000027 /* TimeBite/Services/PlaidLinkService.swift */,
				200000000000000000000028 /* TimeBite/Services/SavingsRecommendationEngine.swift */,
				200000000000000000000029 /* TimeBite/Services/GoalAssistantService.swift */,
			);
			name = Services;
			sourceTree = "<group>";
		};
/* End PBXGroup section */

/* Begin PBXNativeTarget section */
		10000000000000000000000C /* TimeBite */ = {
			isa = PBXNativeTarget;
			buildConfigurationList = 100000000000000000000010 /* Build configuration list for PBXNativeTarget "TimeBite" */;
			buildPhases = (
				10000000000000000000000D /* Sources */,
				10000000000000000000000E /* Frameworks */,
				10000000000000000000000F /* Resources */,
			);
			buildRules = (
			);
			dependencies = (
			);
			name = TimeBite;
			packageProductDependencies = (
				500000000000000000000001 /* LinkKit */,
			);
			productName = TimeBite;
			productReference = 20000000000000000000000E /* TimeBite.app */;
			productType = "com.apple.product-type.application";
		};
/* End PBXNativeTarget section */

/* Begin PBXProject section */
		10000000000000000000000A /* Project object */ = {
			isa = PBXProject;
			attributes = {
				BuildIndependentTargetsInParallel = 1;
				LastSwiftUpdateCheck = 2610;
				LastUpgradeCheck = 2610;
				TargetAttributes = {
					10000000000000000000000C = {
						CreatedOnToolsVersion = 26.1;
					};
				};
			};
			buildConfigurationList = 100000000000000000000011 /* Build configuration list for PBXProject "TimeBite" */;
			compatibilityVersion = "Xcode 15.0";
			developmentRegion = en;
			hasScannedForEncodings = 0;
			knownRegions = (
				en,
				Base,
			);
			mainGroup = 100000000000000000000001;
			productRefGroup = 100000000000000000000017 /* Products */;
			packageReferences = (
				400000000000000000000001 /* XCRemoteSwiftPackageReference "plaid-link-ios" */,
			);
			projectDirPath = "";
			projectRoot = "";
			targets = (
				10000000000000000000000C /* TimeBite */,
			);
		};
/* End PBXProject section */

/* Begin PBXResourcesBuildPhase section */
		10000000000000000000000F /* Resources */ = {
			isa = PBXResourcesBuildPhase;
			buildActionMask = 2147483647;
			files = (
				300000000000000000000021 /* Assets.xcassets in Resources */,
			);
			runOnlyForDeploymentPostprocessing = 0;
		};
/* End PBXResourcesBuildPhase section */

/* Begin PBXSourcesBuildPhase section */
		10000000000000000000000D /* Sources */ = {
			isa = PBXSourcesBuildPhase;
			buildActionMask = 2147483647;
			files = (
				300000000000000000000001 /* TimeBite/App/TimeBiteApp.swift in Sources */,
				300000000000000000000002 /* TimeBite/App/RootTabView.swift in Sources */,
				300000000000000000000003 /* TimeBite/Features/Action/ActionView.swift in Sources */,
				300000000000000000000004 /* TimeBite/Features/Track/TrackView.swift in Sources */,
				300000000000000000000005 /* TimeBite/Features/Goals/GoalsView.swift in Sources */,
				300000000000000000000006 /* TimeBite/Features/Dash/DashView.swift in Sources */,
				300000000000000000000007 /* TimeBite/Shared/Theme/TBColor.swift in Sources */,
				300000000000000000000008 /* TimeBite/Shared/Theme/TBTypography.swift in Sources */,
				300000000000000000000009 /* TimeBite/Models/ActionItem.swift in Sources */,
				30000000000000000000000A /* TimeBite/Models/HabitEntry.swift in Sources */,
				30000000000000000000000B /* TimeBite/Models/GoalItem.swift in Sources */,
				30000000000000000000000C /* TimeBite/Models/DailyLog.swift in Sources */,
				30000000000000000000000D /* TimeBite/Shared/Components/TBCard.swift in Sources */,
				30000000000000000000000E /* TimeBite/Models/Goal.swift in Sources */,
				30000000000000000000000F /* TimeBite/Models/Milestone.swift in Sources */,
				300000000000000000000010 /* TimeBite/Models/GoalProgressEntry.swift in Sources */,
				300000000000000000000011 /* TimeBite/Models/GoalStore.swift in Sources */,
				300000000000000000000012 /* TimeBite/Models/GoalPreviewData.swift in Sources */,
				300000000000000000000013 /* TimeBite/Features/Goals/SetGoalModal.swift in Sources */,
				300000000000000000000014 /* TimeBite/Features/Admin/AdminView.swift in Sources */,
				300000000000000000000015 /* TimeBite/Models/AgentSession.swift in Sources */,
				300000000000000000000016 /* TimeBite/Models/AIWorkSummary.swift in Sources */,
				300000000000000000000017 /* TimeBite/Models/GoalImpact.swift in Sources */,
				300000000000000000000018 /* TimeBite/Models/DailyAIReflection.swift in Sources */,
				300000000000000000000019 /* TimeBite/Models/AIProductivityAnalytics.swift in Sources */,
				30000000000000000000001A /* TimeBite/Models/AgentToolIntegrations.swift in Sources */,
				30000000000000000000001B /* TimeBite/Models/FinanceBill.swift in Sources */,
				30000000000000000000001C /* TimeBite/Features/Finance/FinanceDashboardView.swift in Sources */,
				30000000000000000000001D /* TimeBite/Features/Finance/FinanceNotificationScheduler.swift in Sources */,
				30000000000000000000001E /* Views/QuarterlyGoalChartView.swift in Sources */,
				30000000000000000000001F /* ViewModels/QuarterlyGoalViewModel.swift in Sources */,
				300000000000000000000020 /* TimeBite/Features/Settings/SettingsView.swift in Sources */,
				300000000000000000000022 /* TimeBite/Features/Goals/GoalFormStyling.swift in Sources */,
				300000000000000000000023 /* TimeBite/Features/Goals/GoalConsiderationsModal.swift in Sources */,
				300000000000000000000024 /* TimeBite/Models/PlaidAccount.swift in Sources */,
				300000000000000000000025 /* TimeBite/Models/PlaidTransaction.swift in Sources */,
				300000000000000000000026 /* TimeBite/Services/PlaidLinkService.swift in Sources */,
				300000000000000000000027 /* TimeBite/Services/SavingsRecommendationEngine.swift in Sources */,
				300000000000000000000028 /* TimeBite/Services/GoalAssistantService.swift in Sources */,
				300000000000000000000029 /* TimeBite/Features/Finance/SavingsSpendingDashboardView.swift in Sources */,
				30000000000000000000002B /* Shared/Domain/ActivityProgressCalculator.swift in Sources */,
				30000000000000000000002C /* Shared/Domain/HabitCompletionCalculator.swift in Sources */,
				30000000000000000000002D /* Shared/Domain/SchedulingService.swift in Sources */,
				30000000000000000000002E /* Shared/Domain/TrackingThresholds.swift in Sources */,
				30000000000000000000002F /* Shared/Models/ActiveFocusSession.swift in Sources */,
				300000000000000000000030 /* Shared/Models/ActivityRingProgress.swift in Sources */,
				300000000000000000000031 /* Shared/Models/DailyActivitySummary.swift in Sources */,
				300000000000000000000032 /* Shared/Models/DailyReflectionSummary.swift in Sources */,
				300000000000000000000033 /* Shared/Models/DashboardMetrics.swift in Sources */,
				300000000000000000000034 /* Shared/Models/FocusSession.swift in Sources */,
				300000000000000000000035 /* Shared/Models/Habit.swift in Sources */,
				300000000000000000000036 /* Shared/Models/HabitLog.swift in Sources */,
				300000000000000000000037 /* Shared/Models/PlanningHierarchy.swift in Sources */,
				300000000000000000000038 /* Shared/Models/ScheduledBlock.swift in Sources */,
				300000000000000000000039 /* Shared/Models/TrackingRecord.swift in Sources */,
				30000000000000000000003A /* Shared/Models/TrackingSummary.swift in Sources */,
				30000000000000000000003B /* Shared/Presentation/ActivityRingView.swift in Sources */,
				30000000000000000000003C /* Shared/Presentation/IkigaiIconView.swift in Sources */,
				30000000000000000000003D /* Shared/Presentation/TimeBitePalette.swift in Sources */,
				30000000000000000000003E /* Shared/Presentation/TimeBiteTypography.swift in Sources */,
				30000000000000000000003F /* Shared/Services/DashboardAggregationService.swift in Sources */,
				300000000000000000000040 /* Shared/Services/TimelineService.swift in Sources */,
				300000000000000000000041 /* Shared/Services/TrackingAggregationService.swift in Sources */,
				300000000000000000000042 /* Shared/DemoData/ActivityRingsDemoFixtures.swift in Sources */,
			);
			runOnlyForDeploymentPostprocessing = 0;
		};
/* End PBXSourcesBuildPhase section */

/* Begin XCBuildConfiguration section */
		100000000000000000000012 /* Debug */ = {
			isa = XCBuildConfiguration;
			buildSettings = {
				ALWAYS_SEARCH_USER_PATHS = NO;
				ASSETCATALOG_COMPILER_APPICON_NAME = AppIcon;
				CODE_SIGN_STYLE = Automatic;
				CURRENT_PROJECT_VERSION = 1;
				DEVELOPMENT_TEAM = DHFA4423Z8;
				ENABLE_USER_SCRIPT_SANDBOXING = YES;
				GENERATE_INFOPLIST_FILE = NO;
				INFOPLIST_FILE = TimeBite/Info.plist;
				IPHONEOS_DEPLOYMENT_TARGET = 18.0;
				MARKETING_VERSION = 1.0;
				PRODUCT_BUNDLE_IDENTIFIER = com.timebite.app;
				PRODUCT_NAME = "$(TARGET_NAME)";
				SDKROOT = iphoneos;
				SUPPORTED_PLATFORMS = "iphoneos iphonesimulator";
				SWIFT_VERSION = 5.0;
				TARGETED_DEVICE_FAMILY = 1;
			};
			name = Debug;
		};
		100000000000000000000013 /* Release */ = {
			isa = XCBuildConfiguration;
			buildSettings = {
				ALWAYS_SEARCH_USER_PATHS = NO;
				ASSETCATALOG_COMPILER_APPICON_NAME = AppIcon;
				CODE_SIGN_STYLE = Automatic;
				CURRENT_PROJECT_VERSION = 1;
				DEVELOPMENT_TEAM = DHFA4423Z8;
				ENABLE_USER_SCRIPT_SANDBOXING = YES;
				GENERATE_INFOPLIST_FILE = NO;
				INFOPLIST_FILE = TimeBite/Info.plist;
				IPHONEOS_DEPLOYMENT_TARGET = 18.0;
				MARKETING_VERSION = 1.0;
				PRODUCT_BUNDLE_IDENTIFIER = com.timebite.app;
				PRODUCT_NAME = "$(TARGET_NAME)";
				SDKROOT = iphoneos;
				SUPPORTED_PLATFORMS = "iphoneos iphonesimulator";
				SWIFT_VERSION = 5.0;
				TARGETED_DEVICE_FAMILY = 1;
			};
			name = Release;
		};
		100000000000000000000014 /* Debug */ = {
			isa = XCBuildConfiguration;
			buildSettings = {
				ALWAYS_SEARCH_USER_PATHS = NO;
				CLANG_ENABLE_MODULES = YES;
				CURRENT_PROJECT_VERSION = 1;
				DEVELOPMENT_TEAM = "";
				ENABLE_USER_SCRIPT_SANDBOXING = YES;
				GCC_C_LANGUAGE_STANDARD = gnu17;
				MARKETING_VERSION = 1.0;
				PRODUCT_BUNDLE_IDENTIFIER = com.timebite.app;
				PRODUCT_NAME = "$(TARGET_NAME)";
				SDKROOT = iphoneos;
				SUPPORTED_PLATFORMS = "iphoneos iphonesimulator";
				SWIFT_VERSION = 5.0;
				TARGETED_DEVICE_FAMILY = 1;
			};
			name = Debug;
		};
		100000000000000000000015 /* Release */ = {
			isa = XCBuildConfiguration;
			buildSettings = {
				ALWAYS_SEARCH_USER_PATHS = NO;
				CLANG_ENABLE_MODULES = YES;
				CURRENT_PROJECT_VERSION = 1;
				DEVELOPMENT_TEAM = "";
				ENABLE_USER_SCRIPT_SANDBOXING = YES;
				GCC_C_LANGUAGE_STANDARD = gnu17;
				MARKETING_VERSION = 1.0;
				PRODUCT_BUNDLE_IDENTIFIER = com.timebite.app;
				PRODUCT_NAME = "$(TARGET_NAME)";
				SDKROOT = iphoneos;
				SUPPORTED_PLATFORMS = "iphoneos iphonesimulator";
				SWIFT_VERSION = 5.0;
				TARGETED_DEVICE_FAMILY = 1;
			};
			name = Release;
		};
/* End XCBuildConfiguration section */

/* Begin XCConfigurationList section */
		100000000000000000000010 /* Build configuration list for PBXNativeTarget "TimeBite" */ = {
			isa = XCConfigurationList;
			buildConfigurations = (
				100000000000000000000012 /* Debug */,
				100000000000000000000013 /* Release */,
			);
			defaultConfigurationIsVisible = 0;
			defaultConfigurationName = Release;
		};
		100000000000000000000011 /* Build configuration list for PBXProject "TimeBite" */ = {
			isa = XCConfigurationList;
			buildConfigurations = (
				100000000000000000000014 /* Debug */,
				100000000000000000000015 /* Release */,
			);
			defaultConfigurationIsVisible = 0;
			defaultConfigurationName = Release;
		};
/* End XCConfigurationList section */

/* Begin XCRemoteSwiftPackageReference section */
		400000000000000000000001 /* XCRemoteSwiftPackageReference "plaid-link-ios" */ = {
			isa = XCRemoteSwiftPackageReference;
			repositoryURL = "https://github.com/plaid/plaid-link-ios";
			requirement = {
				kind = upToNextMajorVersion;
				minimumVersion = 7.0.4;
			};
		};
/* End XCRemoteSwiftPackageReference section */

/* Begin XCSwiftPackageProductDependency section */
		500000000000000000000001 /* LinkKit */ = {
			isa = XCSwiftPackageProductDependency;
			package = 400000000000000000000001 /* XCRemoteSwiftPackageReference "plaid-link-ios" */;
			productName = LinkKit;
		};
/* End XCSwiftPackageProductDependency section */
	};
	rootObject = 10000000000000000000000A /* Project object */;
}
